// !$*UTF8*$!
{
	archiveVersion = 1;
	classes = {
	};
	objectVersion = 55;
	objects = {

/* Begin PBXBuildFile section */
		4EFEDD17274669B8003BB680 /* SwiftUI_CyrptoMoneyApp.swift in Sources */ = {isa = PBXBuildFile; fileRef = 4EFEDD16274669B8003BB680 /* SwiftUI_CyrptoMoneyApp.swift */; };
		4EFEDD19274669B8003BB680 /* MainView.swift in Sources */ = {isa = PBXBuildFile; fileRef = 4EFEDD18274669B8003BB680 /* MainView.swift */; };
		4EFEDD1B274669BB003BB680 /* Assets.xcassets in Resources */ = {isa = PBXBuildFile; fileRef = 4EFEDD1A274669BB003BB680 /* Assets.xcassets */; };
		4EFEDD1E274669BB003BB680 /* Preview Assets.xcassets in Resources */ = {isa = PBXBuildFile; fileRef = 4EFEDD1D274669BB003BB680 /* Preview Assets.xcassets */; };
		4EFEDD2927466D5C003BB680 /* CryptoCurrency.swift in Sources */ = {isa = PBXBuildFile; fileRef = 4EFEDD2827466D5C003BB680 /* CryptoCurrency.swift */; };
		4EFEDD2B27467020003BB680 /* WebService.swift in Sources */ = {isa = PBXBuildFile; fileRef = 4EFEDD2A27467020003BB680 /* WebService.swift */; };
		4EFEDD2D2746767B003BB680 /* CryptoViewModal.swift in Sources */ = {isa = PBXBuildFile; fileRef = 4EFEDD2C2746767B003BB680 /* CryptoViewModal.swift */; };
/* End PBXBuildFile section */

/* Begin PBXFileReference section */
		4EFEDD13274669B8003BB680 /* SwiftUI_CyrptoMoney.app */ = {isa = PBXFileReference; explicitFileType = wrapper.application; includeInIndex = 0; path = SwiftUI_CyrptoMoney.app; sourceTree = BUILT_PRODUCTS_DIR; };
		4EFEDD16274669B8003BB680 /* SwiftUI_CyrptoMoneyApp.swift */ = {isa = PBXFileReference; lastKnownFileType = sourcecode.swift; path = SwiftUI_CyrptoMoneyApp.swift; sourceTree = "<group>"; };
		4EFEDD18274669B8003BB680 /* MainView.swift */ = {isa = PBXFileReference; lastKnownFileType = sourcecode.swift; path = MainView.swift; sourceTree = "<group>"; };
		4EFEDD1A274669BB003BB680 /* Assets.xcassets */ = {isa = PBXFileReference; lastKnownFileType = folder.assetcatalog; path = Assets.xcassets; sourceTree = "<group>"; };
		4EFEDD1D274669BB003BB680 /* Preview Assets.xcassets */ = {isa = PBXFileReference; lastKnownFileType = folder.assetcatalog; path = "Preview Assets.xcassets"; sourceTree = "<group>"; };
		4EFEDD2827466D5C003BB680 /* CryptoCurrency.swift */ = {isa = PBXFileReference; lastKnownFileType = sourcecode.swift; path = CryptoCurrency.swift; sourceTree = "<group>"; };
		4EFEDD2A27467020003BB680 /* WebService.swift */ = {isa = PBXFileReference; lastKnownFileType = sourcecode.swift; path = WebService.swift; sourceTree = "<group>"; };
		4EFEDD2C2746767B003BB680 /* CryptoViewModal.swift */ = {isa = PBXFileReference; lastKnownFileType = sourcecode.swift; path = CryptoViewModal.swift; sourceTree = "<group>"; };
/* End PBXFileReference section */

/* Begin PBXFrameworksBuildPhase section */
		4EFEDD10274669B8003BB680 /* Frameworks */ = {
			isa = PBXFrameworksBuildPhase;
			buildActionMask = 2147483647;
			files = (
			);
			runOnlyForDeploymentPostprocessing = 0;
		};
/* End PBXFrameworksBuildPhase section */

/* Begin PBXGroup section */
		4EFEDD0A274669B8003BB680 = {
			isa = PBXGroup;
			children = (
				4EFEDD15274669B8003BB680 /* SwiftUI_CyrptoMoney */,
				4EFEDD14274669B8003BB680 /* Products */,
			);
			sourceTree = "<group>";
		};
		4EFEDD14274669B8003BB680 /* Products */ = {
			isa = PBXGroup;
			children = (
				4EFEDD13274669B8003BB680 /* SwiftUI_CyrptoMoney.app */,
			);
			name = Products;
			sourceTree = "<group>";
		};
		4EFEDD15274669B8003BB680 /* SwiftUI_CyrptoMoney */ = {
			isa = PBXGroup;
			children = (
				4EFEDD2727466CA7003BB680 /* Service */,
				4EFEDD2627466C98003BB680 /* ViewModel */,
				4EFEDD2527466C8B003BB680 /* View */,
				4EFEDD2427466C82003BB680 /* Model */,
				4EFEDD16274669B8003BB680 /* SwiftUI_CyrptoMoneyApp.swift */,
				4EFEDD1A274669BB003BB680 /* Assets.xcassets */,
				4EFEDD1C274669BB003BB680 /* Preview Content */,
			);
			path = SwiftUI_CyrptoMoney;
			sourceTree = "<group>";
		};
		4EFEDD1C274669BB003BB680 /* Preview Content */ = {
			isa = PBXGroup;
			children = (
				4EFEDD1D274669BB003BB680 /* Preview Assets.xcassets */,
			);
			path = "Preview Content";
			sourceTree = "<group>";
		};
		4EFEDD2427466C82003BB680 /* Model */ = {
			isa = PBXGroup;
			children = (
				4EFEDD2827466D5C003BB680 /* CryptoCurrency.swift */,
			);
			path = Model;
			sourceTree = "<group>";
		};
		4EFEDD2527466C8B003BB680 /* View */ = {
			isa = PBXGroup;
			children = (
				4EFEDD18274669B8003BB680 /* MainView.swift */,
			);
			path = View;
			sourceTree = "<group>";
		};
		4EFEDD2627466C98003BB680 /* ViewModel */ = {
			isa = PBXGroup;
			children = (
				4EFEDD2C2746767B003BB680 /* CryptoViewModal.swift */,
			);
			path = ViewModel;
			sourceTree = "<group>";
		};
		4EFEDD2727466CA7003BB680 /* Service */ = {
			isa = PBXGroup;
			children = (
				4EFEDD2A27467020003BB680 /* WebService.swift */,
			);
			path = Service;
			sourceTree = "<group>";
		};
/* End PBXGroup section */

/* Begin PBXNativeTarget section */
		4EFEDD12274669B8003BB680 /* SwiftUI_CyrptoMoney */ = {
			isa = PBXNativeTarget;
			buildConfigurationList = 4EFEDD21274669BB003BB680 /* Build configuration list for PBXNativeTarget "SwiftUI_CyrptoMoney" */;
			buildPhases = (
				4EFEDD0F274669B8003BB680 /* Sources */,
				4EFEDD10274669B8003BB680 /* Frameworks */,
				4EFEDD11274669B8003BB680 /* Resources */,
			);
			buildRules = (
			);
			dependencies = (
			);
			name = SwiftUI_CyrptoMoney;
			productName = SwiftUI_CyrptoMoney;
			productReference = 4EFEDD13274669B8003BB680 /* SwiftUI_CyrptoMoney.app */;
			productType = "com.apple.product-type.application";
		};
/* End PBXNativeTarget section */

/* Begin PBXProject section */
		4EFEDD0B274669B8003BB680 /* Project object */ = {
			isa = PBXProject;
			attributes = {
				BuildIndependentTargetsInParallel = 1;
				LastSwiftUpdateCheck = 1310;
				LastUpgradeCheck = 1310;
				TargetAttributes = {
					4EFEDD12274669B8003BB680 = {
						CreatedOnToolsVersion = 13.1;
					};
				};
			};
			buildConfigurationList = 4EFEDD0E274669B8003BB680 /* Build configuration list for PBXProject "SwiftUI_CyrptoMoney" */;
			compatibilityVersion = "Xcode 13.0";
			developmentRegion = en;
			hasScannedForEncodings = 0;
			knownRegions = (
				en,
				Base,
			);
			mainGroup = 4EFEDD0A274669B8003BB680;
			productRefGroup = 4EFEDD14274669B8003BB680 /* Products */;
			projectDirPath = "";
			projectRoot = "";
			targets = (
				4EFEDD12274669B8003BB680 /* SwiftUI_CyrptoMoney */,
			);
		};
/* End PBXProject section */

/* Begin PBXResourcesBuildPhase section */
		4EFEDD11274669B8003BB680 /* Resources */ = {
			isa = PBXResourcesBuildPhase;
			buildActionMask = 2147483647;
			files = (
				4EFEDD1E274669BB003BB680 /* Preview Assets.xcassets in Resources */,
				4EFEDD1B274669BB003BB680 /* Assets.xcassets in Resources */,
			);
			runOnlyForDeploymentPostprocessing = 0;
		};
/* End PBXResourcesBuildPhase section */

/* Begin PBXSourcesBuildPhase section */
		4EFEDD0F274669B8003BB680 /* Sources */ = {
			isa = PBXSourcesBuildPhase;
			buildActionMask = 2147483647;
			files = (
				4EFEDD2D2746767B003BB680 /* CryptoViewModal.swift in Sources */,
				4EFEDD19274669B8003BB680 /* MainView.swift in Sources */,
				4EFEDD2927466D5C003BB680 /* CryptoCurrency.swift in Sources */,
				4EFEDD2B27467020003BB680 /* WebService.swift in Sources */,
				4EFEDD17274669B8003BB680 /* SwiftUI_CyrptoMoneyApp.swift in Sources */,
			);
			runOnlyForDeploymentPostprocessing = 0;
		};
/* End PBXSourcesBuildPhase section */

/* Begin XCBuildConfiguration section */
		4EFEDD1F274669BB003BB680 /* Debug */ = {
			isa = XCBuildConfiguration;
			buildSettings = {
				ALWAYS_SEARCH_USER_PATHS = NO;
				CLANG_ANALYZER_NONNULL = YES;
				CLANG_ANALYZER_NUMBER_OBJECT_CONVERSION = YES_AGGRESSIVE;
				CLANG_CXX_LANGUAGE_STANDARD = "gnu++17";
				CLANG_CXX_LIBRARY = "libc++";
				CLANG_ENABLE_MODULES = YES;
				CLANG_ENABLE_OBJC_ARC = YES;
				CLANG_ENABLE_OBJC_WEAK = YES;
				CLANG_WARN_BLOCK_CAPTURE_AUTORELEASING = YES;
				CLANG_WARN_BOOL_CONVERSION = YES;
				CLANG_WARN_COMMA = YES;
				CLANG_WARN_CONSTANT_CONVERSION = YES;
				CLANG_WARN_DEPRECATED_OBJC_IMPLEMENTATIONS = YES;
				CLANG_WARN_DIRECT_OBJC_ISA_USAGE = YES_ERROR;
				CLANG_WARN_DOCUMENTATION_COMMENTS = YES;
				CLANG_WARN_EMPTY_BODY = YES;
				CLANG_WARN_ENUM_CONVERSION = YES;
				CLANG_WARN_INFINITE_RECURSION = YES;
				CLANG_WARN_INT_CONVERSION = YES;
				CLANG_WARN_NON_LITERAL_NULL_CONVERSION = YES;
				CLANG_WARN_OBJC_IMPLICIT_RETAIN_SELF = YES;
				CLANG_WARN_OBJC_LITERAL_CONVERSION = YES;
				CLANG_WARN_OBJC_ROOT_CLASS = YES_ERROR;
				CLANG_WARN_QUOTED_INCLUDE_IN_FRAMEWORK_HEADER = YES;
				CLANG_WARN_RANGE_LOOP_ANALYSIS = YES;
				CLANG_WARN_STRICT_PROTOTYPES = YES;
				CLANG_WARN_SUSPICIOUS_MOVE = YES;
				CLANG_WARN_UNGUARDED_AVAILABILITY = YES_AGGRESSIVE;
				CLANG_WARN_UNREACHABLE_CODE = YES;
				CLANG_WARN__DUPLICATE_METHOD_MATCH = YES;
				COPY_PHASE_STRIP = NO;
				DEBUG_INFORMATION_FORMAT = dwarf;
				ENABLE_STRICT_OBJC_MSGSEND = YES;
				ENABLE_TESTABILITY = YES;
				GCC_C_LANGUAGE_STANDARD = gnu11;
				GCC_DYNAMIC_NO_PIC = NO;
				GCC_NO_COMMON_BLOCKS = YES;
				GCC_OPTIMIZATION_LEVEL = 0;
				GCC_PREPROCESSOR_DEFINITIONS = (
					"DEBUG=1",
					"$(inherited)",
				);
				GCC_WARN_64_TO_32_BIT_CONVERSION = YES;
				GCC_WARN_ABOUT_RETURN_TYPE = YES_ERROR;
				GCC_WARN_UNDECLARED_SELECTOR = YES;
				GCC_WARN_UNINITIALIZED_AUTOS = YES_AGGRESSIVE;
				GCC_WARN_UNUSED_FUNCTION = YES;
				GCC_WARN_UNUSED_VARIABLE = YES;
				IPHONEOS_DEPLOYMENT_TARGET = 15.0;
				MTL_ENABLE_DEBUG_INFO = INCLUDE_SOURCE;
				MTL_FAST_MATH = YES;
				ONLY_ACTIVE_ARCH = YES;
				SDKROOT = iphoneos;
				SWIFT_ACTIVE_COMPILATION_CONDITIONS = DEBUG;
				SWIFT_OPTIMIZATION_LEVEL = "-Onone";
			};
			name = Debug;
		};
		4EFEDD20274669BB003BB680 /* Release */ = {
			isa = XCBuildConfiguration;
			buildSettings = {
				ALWAYS_SEARCH_USER_PATHS = NO;
				CLANG_ANALYZER_NONNULL = YES;
				CLANG_ANALYZER_NUMBER_OBJECT_CONVERSION = YES_AGGRESSIVE;
				CLANG_CXX_LANGUAGE_STANDARD = "gnu++17";
				CLANG_CXX_LIBRARY = "libc++";
				CLANG_ENABLE_MODULES = YES;
				CLANG_ENABLE_OBJC_ARC = YES;
				CLANG_ENABLE_OBJC_WEAK = YES;
				CLANG_WARN_BLOCK_CAPTURE_AUTORELEASING = YES;
				CLANG_WARN_BOOL_CONVERSION = YES;
				CLANG_WARN_COMMA = YES;
				CLANG_WARN_CONSTANT_CONVERSION = YES;
				CLANG_WARN_DEPRECATED_OBJC_IMPLEMENTATIONS = YES;
				CLANG_WARN_DIRECT_OBJC_ISA_USAGE = YES_ERROR;
				CLANG_WARN_DOCUMENTATION_COMMENTS = YES;
				CLANG_WARN_EMPTY_BODY = YES;
				CLANG_WARN_ENUM_CONVERSION = YES;
				CLANG_WARN_INFINITE_RECURSION = YES;
				CLANG_WARN_INT_CONVERSION = YES;
				CLANG_WARN_NON_LITERAL_NULL_CONVERSION = YES;
				CLANG_WARN_OBJC_IMPLICIT_RETAIN_SELF = YES;
				CLANG_WARN_OBJC_LITERAL_CONVERSION = YES;
				CLANG_WARN_OBJC_ROOT_CLASS = YES_ERROR;
				CLANG_WARN_QUOTED_INCLUDE_IN_FRAMEWORK_HEADER = YES;
				CLANG_WARN_RANGE_LOOP_ANALYSIS = YES;
				CLANG_WARN_STRICT_PROTOTYPES = YES;
				CLANG_WARN_SUSPICIOUS_MOVE = YES;
				CLANG_WARN_UNGUARDED_AVAILABILITY = YES_AGGRESSIVE;
				CLANG_WARN_UNREACHABLE_CODE = YES;
				CLANG_WARN__DUPLICATE_METHOD_MATCH = YES;
				COPY_PHASE_STRIP = NO;
				DEBUG_INFORMATION_FORMAT = "dwarf-with-dsym";
				ENABLE_NS_ASSERTIONS = NO;
				ENABLE_STRICT_OBJC_MSGSEND = YES;
				GCC_C_LANGUAGE_STANDARD = gnu11;
				GCC_NO_COMMON_BLOCKS = YES;
				GCC_WARN_64_TO_32_BIT_CONVERSION = YES;
				GCC_WARN_ABOUT_RETURN_TYPE = YES_ERROR;
				GCC_WARN_UNDECLARED_SELECTOR = YES;
				GCC_WARN_UNINITIALIZED_AUTOS = YES_AGGRESSIVE;
				GCC_WARN_UNUSED_FUNCTION = YES;
				GCC_WARN_UNUSED_VARIABLE = YES;
				IPHONEOS_DEPLOYMENT_TARGET = 15.0;
				MTL_ENABLE_DEBUG_INFO = NO;
				MTL_FAST_MATH = YES;
				SDKROOT = iphoneos;
				SWIFT_COMPILATION_MODE = wholemodule;
				SWIFT_OPTIMIZATION_LEVEL = "-O";
				VALIDATE_PRODUCT = YES;
			};
			name = Release;
		};
		4EFEDD22274669BB003BB680 /* Debug */ = {
			isa = XCBuildConfiguration;
			buildSettings = {
				ASSETCATALOG_COMPILER_APPICON_NAME = AppIcon;
				ASSETCATALOG_COMPILER_GLOBAL_ACCENT_COLOR_NAME = AccentColor;
				CODE_SIGN_STYLE = Automatic;
				CURRENT_PROJECT_VERSION = 1;
				DEVELOPMENT_ASSET_PATHS = "\"SwiftUI_CyrptoMoney/Preview Content\"";
				DEVELOPMENT_TEAM = T268WL827A;
				ENABLE_PREVIEWS = YES;
				GENERATE_INFOPLIST_FILE = YES;
				INFOPLIST_KEY_UIApplicationSceneManifest_Generation = YES;
				INFOPLIST_KEY_UIApplicationSupportsIndirectInputEvents = YES;
				INFOPLIST_KEY_UILaunchScreen_Generation = YES;
				INFOPLIST_KEY_UISupportedInterfaceOrientations_iPad = "UIInterfaceOrientationPortrait UIInterfaceOrientationPortraitUpsideDown UIInterfaceOrientationLandscapeLeft UIInterfaceOrientationLandscapeRight";
				INFOPLIST_KEY_UISupportedInterfaceOrientations_iPhone = "UIInterfaceOrientationPortrait UIInterfaceOrientationLandscapeLeft UIInterfaceOrientationLandscapeRight";
				LD_RUNPATH_SEARCH_PATHS = (
					"$(inherited)",
					"@executable_path/Frameworks",
				);
				MARKETING_VERSION = 1.0;
				PRODUCT_BUNDLE_IDENTIFIER = "com.ysfozturk.SwiftUI-CyrptoMoney";
				PRODUCT_NAME = "$(TARGET_NAME)";
				SWIFT_EMIT_LOC_STRINGS = YES;
				SWIFT_VERSION = 5.0;
				TARGETED_DEVICE_FAMILY = "1,2";
			};
			name = Debug;
		};
		4EFEDD23274669BB003BB680 /* Release */ = {
			isa = XCBuildConfiguration;
			buildSettings = {
				ASSETCATALOG_COMPILER_APPICON_NAME = AppIcon;
				ASSETCATALOG_COMPILER_GLOBAL_ACCENT_COLOR_NAME = AccentColor;
				CODE_SIGN_STYLE = Automatic;
				CURRENT_PROJECT_VERSION = 1;
				DEVELOPMENT_ASSET_PATHS = "\"SwiftUI_CyrptoMoney/Preview Content\"";
				DEVELOPMENT_TEAM = T268WL827A;
				ENABLE_PREVIEWS = YES;
				GENERATE_INFOPLIST_FILE = YES;
				INFOPLIST_KEY_UIApplicationSceneManifest_Generation = YES;
				INFOPLIST_KEY_UIApplicationSupportsIndirectInputEvents = YES;
				INFOPLIST_KEY_UILaunchScreen_Generation = YES;
				INFOPLIST_KEY_UISupportedInterfaceOrientations_iPad = "UIInterfaceOrientationPortrait UIInterfaceOrientationPortraitUpsideDown UIInterfaceOrientationLandscapeLeft UIInterfaceOrientationLandscapeRight";
				INFOPLIST_KEY_UISupportedInterfaceOrientations_iPhone = "UIInterfaceOrientationPortrait UIInterfaceOrientationLandscapeLeft UIInterfaceOrientationLandscapeRight";
				LD_RUNPATH_SEARCH_PATHS = (
					"$(inherited)",
					"@executable_path/Frameworks",
				);
				MARKETING_VERSION = 1.0;
				PRODUCT_BUNDLE_IDENTIFIER = "com.ysfozturk.SwiftUI-CyrptoMoney";
				PRODUCT_NAME = "$(TARGET_NAME)";
				SWIFT_EMIT_LOC_STRINGS = YES;
				SWIFT_VERSION = 5.0;
				TARGETED_DEVICE_FAMILY = "1,2";
			};
			name = Release;
		};
/* End XCBuildConfiguration section */

/* Begin XCConfigurationList section */
		4EFEDD0E274669B8003BB680 /* Build configuration list for PBXProject "SwiftUI_CyrptoMoney" */ = {
			isa = XCConfigurationList;
			buildConfigurations = (
				4EFEDD1F274669BB003BB680 /* Debug */,
				4EFEDD20274669BB003BB680 /* Release */,
			);
			defaultConfigurationIsVisible = 0;
			defaultConfigurationName = Release;
		};
		4EFEDD21274669BB003BB680 /* Build configuration list for PBXNativeTarget "SwiftUI_CyrptoMoney" */ = {
			isa = XCConfigurationList;
			buildConfigurations = (
				4EFEDD22274669BB003BB680 /* Debug */,
				4EFEDD23274669BB003BB680 /* Release */,
			);
			defaultConfigurationIsVisible = 0;
			defaultConfigurationName = Release;
		};
/* End XCConfigurationList section */
	};
	rootObject = 4EFEDD0B274669B8003BB680 /* Project object */;
}
